
Microsoft Visual Studio Solution File, Format Version 12.00
# Visual Studio 15
VisualStudioVersion = 15.0.28307.852
MinimumVisualStudioVersion = 10.0.40219.1
Project("{FAE04EC0-301F-11D3-BF4B-00C04F79EFBC}") = "FoodSupplyChain", "FoodSupplyChain\FoodSupplyChain.csproj", "{F56DA992-BF63-4F60-A075-5379317B37FB}"
EndProject
Project("{FAE04EC0-301F-11D3-BF4B-00C04F79EFBC}") = "FoodSupplyChain.Tests", "FoodSupplyChain.Tests\FoodSupplyChain.Tests.csproj", "{0A6FA56E-E3C9-4480-B307-F6D75C55910C}"
EndProject
Project("{FAE04EC0-301F-11D3-BF4B-00C04F79EFBC}") = "FoodSupplyChainAdminPanel", "FoodSupplyChainAdminPanel\FoodSupplyChainAdminPanel.csproj", "{3C4DED01-5E68-452B-80E7-8C13462D2B23}"
EndProject
Project("{FAE04EC0-301F-11D3-BF4B-00C04F79EFBC}") = "FoodSupplyChainAdminPanel.Tests", "FoodSupplyChainAdminPanel.Tests\FoodSupplyChainAdminPanel.Tests.csproj", "{DB8D92DC-BCDF-44D8-8749-B517CD2186BB}"
EndProject
Project("{2150E333-8FDC-42A3-9474-1A3956D46DE8}") = "FSC_BLL", "FSC_BLL", "{55D1B55D-FB47-4EBA-9D32-65F7A1C3463B}"
EndProject
Project("{2150E333-8FDC-42A3-9474-1A3956D46DE8}") = "FSC_DAL", "FSC_DAL", "{8A6FA3E2-71A4-4950-90AD-61773C0A7CDC}"
EndProject
Project("{2150E333-8FDC-42A3-9474-1A3956D46DE8}") = "FSC_BOL", "FSC_BOL", "{8C9B02E1-511B-4A6F-B664-63BC2BA91DE0}"
EndProject
Project("{FAE04EC0-301F-11D3-BF4B-00C04F79EFBC}") = "FSC_DAL", "FSC_DAL\FSC_DAL.csproj", "{3640DC17-76B9-4973-BF7A-075335FA4533}"
EndProject
Project("{2150E333-8FDC-42A3-9474-1A3956D46DE8}") = "FSC_Log", "FSC_Log", "{FA28DB80-9A03-4DA7-93D1-710003F5D045}"
EndProject
Project("{FAE04EC0-301F-11D3-BF4B-00C04F79EFBC}") = "FSC_Logging", "FSC_Logging\FSC_Logging.csproj", "{2259B65F-FE96-48BE-A1AC-388BE48CB371}"
EndProject
Project("{FAE04EC0-301F-11D3-BF4B-00C04F79EFBC}") = "FSC_BLL.AdminPanel", "FSC_BLL.AdminPanel\FSC_BLL.AdminPanel.csproj", "{FA22C7D5-A9B9-4761-B75D-93DDCF2A823F}"
EndProject
Project("{FAE04EC0-301F-11D3-BF4B-00C04F79EFBC}") = "FSC_BOL.Models", "FSC_BOL.Models\FSC_BOL.Models.csproj", "{5CA4EC52-B0B3-4C8D-AAC3-6C4B91455EAC}"
EndProject
Project("{FAE04EC0-301F-11D3-BF4B-00C04F79EFBC}") = "FSC_BLL.Login", "FSC_BLL.Login\FSC_BLL.Login.csproj", "{B2D3F0F1-5CAA-456D-BEEE-64FDA6B9C324}"
EndProject
Project("{2150E333-8FDC-42A3-9474-1A3956D46DE8}") = "FSC_Helpers", "FSC_Helpers", "{06B4521C-810D-45ED-BF45-61747697F3FA}"
EndProject
Project("{FAE04EC0-301F-11D3-BF4B-00C04F79EFBC}") = "FSC_Helpers", "FSC_Helpers\FSC_Helpers.csproj", "{0D55EDAA-1A68-4808-80CF-CBA69923AF92}"
EndProject
Project("{2150E333-8FDC-42A3-9474-1A3956D46DE8}") = "DB_BackUp", "DB_BackUp", "{6A2C3093-5C9F-4346-AE7D-05A5E265521C}"
	ProjectSection(SolutionItems) = preProject
		..\..\..\FSCDB.bak = ..\..\..\FSCDB.bak
	EndProjectSection
EndProject
Global
	GlobalSection(SolutionConfigurationPlatforms) = preSolution
		Debug|Any CPU = Debug|Any CPU
		Release|Any CPU = Release|Any CPU
	EndGlobalSection
	GlobalSection(ProjectConfigurationPlatforms) = postSolution
		{F56DA992-BF63-4F60-A075-5379317B37FB}.Debug|Any CPU.ActiveCfg = Debug|Any CPU
		{F56DA992-BF63-4F60-A075-5379317B37FB}.Debug|Any CPU.Build.0 = Debug|Any CPU
		{F56DA992-BF63-4F60-A075-5379317B37FB}.Release|Any CPU.ActiveCfg = Release|Any CPU
		{F56DA992-BF63-4F60-A075-5379317B37FB}.Release|Any CPU.Build.0 = Release|Any CPU
		{0A6FA56E-E3C9-4480-B307-F6D75C55910C}.Debug|Any CPU.ActiveCfg = Debug|Any CPU
		{0A6FA56E-E3C9-4480-B307-F6D75C55910C}.Debug|Any CPU.Build.0 = Debug|Any CPU
		{0A6FA56E-E3C9-4480-B307-F6D75C55910C}.Release|Any CPU.ActiveCfg = Release|Any CPU
		{0A6FA56E-E3C9-4480-B307-F6D75C55910C}.Release|Any CPU.Build.0 = Release|Any CPU
		{3C4DED01-5E68-452B-80E7-8C13462D2B23}.Debug|Any CPU.ActiveCfg = Debug|Any CPU
		{3C4DED01-5E68-452B-80E7-8C13462D2B23}.Debug|Any CPU.Build.0 = Debug|Any CPU
		{3C4DED01-5E68-452B-80E7-8C13462D2B23}.Release|Any CPU.ActiveCfg = Release|Any CPU
		{3C4DED01-5E68-452B-80E7-8C13462D2B23}.Release|Any CPU.Build.0 = Release|Any CPU
		{DB8D92DC-BCDF-44D8-8749-B517CD2186BB}.Debug|Any CPU.ActiveCfg = Debug|Any CPU
		{DB8D92DC-BCDF-44D8-8749-B517CD2186BB}.Debug|Any CPU.Build.0 = Debug|Any CPU
		{DB8D92DC-BCDF-44D8-8749-B517CD2186BB}.Release|Any CPU.ActiveCfg = Release|Any CPU
		{DB8D92DC-BCDF-44D8-8749-B517CD2186BB}.Release|Any CPU.Build.0 = Release|Any CPU
		{3640DC17-76B9-4973-BF7A-075335FA4533}.Debug|Any CPU.ActiveCfg = Debug|Any CPU
		{3640DC17-76B9-4973-BF7A-075335FA4533}.Debug|Any CPU.Build.0 = Debug|Any CPU
		{3640DC17-76B9-4973-BF7A-075335FA4533}.Release|Any CPU.ActiveCfg = Release|Any CPU
		{3640DC17-76B9-4973-BF7A-075335FA4533}.Release|Any CPU.Build.0 = Release|Any CPU
		{2259B65F-FE96-48BE-A1AC-388BE48CB371}.Debug|Any CPU.ActiveCfg = Debug|Any CPU
		{2259B65F-FE96-48BE-A1AC-388BE48CB371}.Debug|Any CPU.Build.0 = Debug|Any CPU
		{2259B65F-FE96-48BE-A1AC-388BE48CB371}.Release|Any CPU.ActiveCfg = Release|Any CPU
		{2259B65F-FE96-48BE-A1AC-388BE48CB371}.Release|Any CPU.Build.0 = Release|Any CPU
		{FA22C7D5-A9B9-4761-B75D-93DDCF2A823F}.Debug|Any CPU.ActiveCfg = Debug|Any CPU
		{FA22C7D5-A9B9-4761-B75D-93DDCF2A823F}.Debug|Any CPU.Build.0 = Debug|Any CPU
		{FA22C7D5-A9B9-4761-B75D-93DDCF2A823F}.Release|Any CPU.ActiveCfg = Release|Any CPU
		{FA22C7D5-A9B9-4761-B75D-93DDCF2A823F}.Release|Any CPU.Build.0 = Release|Any CPU
		{5CA4EC52-B0B3-4C8D-AAC3-6C4B91455EAC}.Debug|Any CPU.ActiveCfg = Debug|Any CPU
		{5CA4EC52-B0B3-4C8D-AAC3-6C4B91455EAC}.Debug|Any CPU.Build.0 = Debug|Any CPU
		{5CA4EC52-B0B3-4C8D-AAC3-6C4B91455EAC}.Release|Any CPU.ActiveCfg = Release|Any CPU
		{5CA4EC52-B0B3-4C8D-AAC3-6C4B91455EAC}.Release|Any CPU.Build.0 = Release|Any CPU
		{B2D3F0F1-5CAA-456D-BEEE-64FDA6B9C324}.Debug|Any CPU.ActiveCfg = Debug|Any CPU
		{B2D3F0F1-5CAA-456D-BEEE-64FDA6B9C324}.Debug|Any CPU.Build.0 = Debug|Any CPU
		{B2D3F0F1-5CAA-456D-BEEE-64FDA6B9C324}.Release|Any CPU.ActiveCfg = Release|Any CPU
		{B2D3F0F1-5CAA-456D-BEEE-64FDA6B9C324}.Release|Any CPU.Build.0 = Release|Any CPU
		{0D55EDAA-1A68-4808-80CF-CBA69923AF92}.Debug|Any CPU.ActiveCfg = Debug|Any CPU
		{0D55EDAA-1A68-4808-80CF-CBA69923AF92}.Debug|Any CPU.Build.0 = Debug|Any CPU
		{0D55EDAA-1A68-4808-80CF-CBA69923AF92}.Release|Any CPU.ActiveCfg = Release|Any CPU
		{0D55EDAA-1A68-4808-80CF-CBA69923AF92}.Release|Any CPU.Build.0 = Release|Any CPU
	EndGlobalSection
	GlobalSection(SolutionProperties) = preSolution
		HideSolutionNode = FALSE
	EndGlobalSection
	GlobalSection(NestedProjects) = preSolution
		{3640DC17-76B9-4973-BF7A-075335FA4533} = {8A6FA3E2-71A4-4950-90AD-61773C0A7CDC}
		{2259B65F-FE96-48BE-A1AC-388BE48CB371} = {FA28DB80-9A03-4DA7-93D1-710003F5D045}
		{FA22C7D5-A9B9-4761-B75D-93DDCF2A823F} = {55D1B55D-FB47-4EBA-9D32-65F7A1C3463B}
		{5CA4EC52-B0B3-4C8D-AAC3-6C4B91455EAC} = {8C9B02E1-511B-4A6F-B664-63BC2BA91DE0}
		{B2D3F0F1-5CAA-456D-BEEE-64FDA6B9C324} = {55D1B55D-FB47-4EBA-9D32-65F7A1C3463B}
		{0D55EDAA-1A68-4808-80CF-CBA69923AF92} = {06B4521C-810D-45ED-BF45-61747697F3FA}
	EndGlobalSection
	GlobalSection(ExtensibilityGlobals) = postSolution
		SolutionGuid = {937BAB82-DF18-44FD-821B-DED7A0562FD3}
	EndGlobalSection
EndGlobal
